
Microsoft Visual Studio Solution File, Format Version 12.00
# Visual Studio 15
VisualStudioVersion = 15.0.27130.2026
MinimumVisualStudioVersion = 10.0.40219.1
Project("{FAE04EC0-301F-11D3-BF4B-00C04F79EFBC}") = "ReverseStringtut", "ReverseStringtut\ReverseStringtut.csproj", "{B70D7591-5E9A-4315-9D78-8682CEAC0E08}"
EndProject
Global
	GlobalSection(SolutionConfigurationPlatforms) = preSolution
		Debug|Any CPU = Debug|Any CPU
		Release|Any CPU = Release|Any CPU
	EndGlobalSection
	GlobalSection(ProjectConfigurationPlatforms) = postSolution
		{B70D7591-5E9A-4315-9D78-8682CEAC0E08}.Debug|Any CPU.ActiveCfg = Debug|Any CPU
		{B70D7591-5E9A-4315-9D78-8682CEAC0E08}.Debug|Any CPU.Build.0 = Debug|Any CPU
		{B70D7591-5E9A-4315-9D78-8682CEAC0E08}.Release|Any CPU.ActiveCfg = Release|Any CPU
		{B70D7591-5E9A-4315-9D78-8682CEAC0E08}.Release|Any CPU.Build.0 = Release|Any CPU
	EndGlobalSection
	GlobalSection(SolutionProperties) = preSolution
		HideSolutionNode = FALSE
	EndGlobalSection
	GlobalSection(ExtensibilityGlobals) = postSolution
		SolutionGuid = {9A6740C7-66E5-44BE-9BB3-73EA8BA44B50}
	EndGlobalSection
EndGlobal
